
Microsoft Visual Studio Solution File, Format Version 12.00
# Visual Studio 14
VisualStudioVersion = 14.0.25420.1
MinimumVisualStudioVersion = 10.0.40219.1
Project("{FAE04EC0-301F-11D3-BF4B-00C04F79EFBC}") = "DataLayer", "DataLayer\DataLayer.csproj", "{FC773BC9-149F-4FCD-85E5-3DE2AD4F742F}"
EndProject
Project("{FAE04EC0-301F-11D3-BF4B-00C04F79EFBC}") = "Shared", "IdGenerator\Shared.csproj", "{5D8D3B8B-FAA0-4581-847E-CDCA54FC073C}"
EndProject
Project("{FAE04EC0-301F-11D3-BF4B-00C04F79EFBC}") = "BLL", "BLL\BLL.csproj", "{C02FE66B-3370-472B-A5FC-1E7672039125}"
EndProject
Project("{FAE04EC0-301F-11D3-BF4B-00C04F79EFBC}") = "Registration", "Registration\Registration.csproj", "{90E2808D-83A8-4732-89E6-B2BA221E89EF}"
EndProject
Global
	GlobalSection(SolutionConfigurationPlatforms) = preSolution
		Debug|Any CPU = Debug|Any CPU
		Debug|ARM = Debug|ARM
		Debug|x64 = Debug|x64
		Debug|x86 = Debug|x86
		Release|Any CPU = Release|Any CPU
		Release|ARM = Release|ARM
		Release|x64 = Release|x64
		Release|x86 = Release|x86
	EndGlobalSection
	GlobalSection(ProjectConfigurationPlatforms) = postSolution
		{FC773BC9-149F-4FCD-85E5-3DE2AD4F742F}.Debug|Any CPU.ActiveCfg = Debug|Any CPU
		{FC773BC9-149F-4FCD-85E5-3DE2AD4F742F}.Debug|Any CPU.Build.0 = Debug|Any CPU
		{FC773BC9-149F-4FCD-85E5-3DE2AD4F742F}.Debug|ARM.ActiveCfg = Debug|Any CPU
		{FC773BC9-149F-4FCD-85E5-3DE2AD4F742F}.Debug|ARM.Build.0 = Debug|Any CPU
		{FC773BC9-149F-4FCD-85E5-3DE2AD4F742F}.Debug|x64.ActiveCfg = Debug|Any CPU
		{FC773BC9-149F-4FCD-85E5-3DE2AD4F742F}.Debug|x64.Build.0 = Debug|Any CPU
		{FC773BC9-149F-4FCD-85E5-3DE2AD4F742F}.Debug|x86.ActiveCfg = Debug|Any CPU
		{FC773BC9-149F-4FCD-85E5-3DE2AD4F742F}.Debug|x86.Build.0 = Debug|Any CPU
		{FC773BC9-149F-4FCD-85E5-3DE2AD4F742F}.Release|Any CPU.ActiveCfg = Release|Any CPU
		{FC773BC9-149F-4FCD-85E5-3DE2AD4F742F}.Release|Any CPU.Build.0 = Release|Any CPU
		{FC773BC9-149F-4FCD-85E5-3DE2AD4F742F}.Release|ARM.ActiveCfg = Release|Any CPU
		{FC773BC9-149F-4FCD-85E5-3DE2AD4F742F}.Release|ARM.Build.0 = Release|Any CPU
		{FC773BC9-149F-4FCD-85E5-3DE2AD4F742F}.Release|x64.ActiveCfg = Release|Any CPU
		{FC773BC9-149F-4FCD-85E5-3DE2AD4F742F}.Release|x64.Build.0 = Release|Any CPU
		{FC773BC9-149F-4FCD-85E5-3DE2AD4F742F}.Release|x86.ActiveCfg = Release|Any CPU
		{FC773BC9-149F-4FCD-85E5-3DE2AD4F742F}.Release|x86.Build.0 = Release|Any CPU
		{5D8D3B8B-FAA0-4581-847E-CDCA54FC073C}.Debug|Any CPU.ActiveCfg = Debug|Any CPU
		{5D8D3B8B-FAA0-4581-847E-CDCA54FC073C}.Debug|Any CPU.Build.0 = Debug|Any CPU
		{5D8D3B8B-FAA0-4581-847E-CDCA54FC073C}.Debug|ARM.ActiveCfg = Debug|Any CPU
		{5D8D3B8B-FAA0-4581-847E-CDCA54FC073C}.Debug|ARM.Build.0 = Debug|Any CPU
		{5D8D3B8B-FAA0-4581-847E-CDCA54FC073C}.Debug|x64.ActiveCfg = Debug|Any CPU
		{5D8D3B8B-FAA0-4581-847E-CDCA54FC073C}.Debug|x64.Build.0 = Debug|Any CPU
		{5D8D3B8B-FAA0-4581-847E-CDCA54FC073C}.Debug|x86.ActiveCfg = Debug|Any CPU
		{5D8D3B8B-FAA0-4581-847E-CDCA54FC073C}.Debug|x86.Build.0 = Debug|Any CPU
		{5D8D3B8B-FAA0-4581-847E-CDCA54FC073C}.Release|Any CPU.ActiveCfg = Release|Any CPU
		{5D8D3B8B-FAA0-4581-847E-CDCA54FC073C}.Release|Any CPU.Build.0 = Release|Any CPU
		{5D8D3B8B-FAA0-4581-847E-CDCA54FC073C}.Release|ARM.ActiveCfg = Release|Any CPU
		{5D8D3B8B-FAA0-4581-847E-CDCA54FC073C}.Release|ARM.Build.0 = Release|Any CPU
		{5D8D3B8B-FAA0-4581-847E-CDCA54FC073C}.Release|x64.ActiveCfg = Release|Any CPU
		{5D8D3B8B-FAA0-4581-847E-CDCA54FC073C}.Release|x64.Build.0 = Release|Any CPU
		{5D8D3B8B-FAA0-4581-847E-CDCA54FC073C}.Release|x86.ActiveCfg = Release|Any CPU
		{5D8D3B8B-FAA0-4581-847E-CDCA54FC073C}.Release|x86.Build.0 = Release|Any CPU
		{C02FE66B-3370-472B-A5FC-1E7672039125}.Debug|Any CPU.ActiveCfg = Debug|Any CPU
		{C02FE66B-3370-472B-A5FC-1E7672039125}.Debug|Any CPU.Build.0 = Debug|Any CPU
		{C02FE66B-3370-472B-A5FC-1E7672039125}.Debug|ARM.ActiveCfg = Debug|Any CPU
		{C02FE66B-3370-472B-A5FC-1E7672039125}.Debug|ARM.Build.0 = Debug|Any CPU
		{C02FE66B-3370-472B-A5FC-1E7672039125}.Debug|x64.ActiveCfg = Debug|Any CPU
		{C02FE66B-3370-472B-A5FC-1E7672039125}.Debug|x64.Build.0 = Debug|Any CPU
		{C02FE66B-3370-472B-A5FC-1E7672039125}.Debug|x86.ActiveCfg = Debug|Any CPU
		{C02FE66B-3370-472B-A5FC-1E7672039125}.Debug|x86.Build.0 = Debug|Any CPU
		{C02FE66B-3370-472B-A5FC-1E7672039125}.Release|Any CPU.ActiveCfg = Release|Any CPU
		{C02FE66B-3370-472B-A5FC-1E7672039125}.Release|Any CPU.Build.0 = Release|Any CPU
		{C02FE66B-3370-472B-A5FC-1E7672039125}.Release|ARM.ActiveCfg = Release|Any CPU
		{C02FE66B-3370-472B-A5FC-1E7672039125}.Release|ARM.Build.0 = Release|Any CPU
		{C02FE66B-3370-472B-A5FC-1E7672039125}.Release|x64.ActiveCfg = Release|Any CPU
		{C02FE66B-3370-472B-A5FC-1E7672039125}.Release|x64.Build.0 = Release|Any CPU
		{C02FE66B-3370-472B-A5FC-1E7672039125}.Release|x86.ActiveCfg = Release|Any CPU
		{C02FE66B-3370-472B-A5FC-1E7672039125}.Release|x86.Build.0 = Release|Any CPU
		{90E2808D-83A8-4732-89E6-B2BA221E89EF}.Debug|Any CPU.ActiveCfg = Debug|Any CPU
		{90E2808D-83A8-4732-89E6-B2BA221E89EF}.Debug|Any CPU.Build.0 = Debug|Any CPU
		{90E2808D-83A8-4732-89E6-B2BA221E89EF}.Debug|ARM.ActiveCfg = Debug|Any CPU
		{90E2808D-83A8-4732-89E6-B2BA221E89EF}.Debug|ARM.Build.0 = Debug|Any CPU
		{90E2808D-83A8-4732-89E6-B2BA221E89EF}.Debug|x64.ActiveCfg = Debug|Any CPU
		{90E2808D-83A8-4732-89E6-B2BA221E89EF}.Debug|x64.Build.0 = Debug|Any CPU
		{90E2808D-83A8-4732-89E6-B2BA221E89EF}.Debug|x86.ActiveCfg = Debug|Any CPU
		{90E2808D-83A8-4732-89E6-B2BA221E89EF}.Debug|x86.Build.0 = Debug|Any CPU
		{90E2808D-83A8-4732-89E6-B2BA221E89EF}.Release|Any CPU.ActiveCfg = Release|Any CPU
		{90E2808D-83A8-4732-89E6-B2BA221E89EF}.Release|Any CPU.Build.0 = Release|Any CPU
		{90E2808D-83A8-4732-89E6-B2BA221E89EF}.Release|ARM.ActiveCfg = Release|Any CPU
		{90E2808D-83A8-4732-89E6-B2BA221E89EF}.Release|ARM.Build.0 = Release|Any CPU
		{90E2808D-83A8-4732-89E6-B2BA221E89EF}.Release|x64.ActiveCfg = Release|Any CPU
		{90E2808D-83A8-4732-89E6-B2BA221E89EF}.Release|x64.Build.0 = Release|Any CPU
		{90E2808D-83A8-4732-89E6-B2BA221E89EF}.Release|x86.ActiveCfg = Release|Any CPU
		{90E2808D-83A8-4732-89E6-B2BA221E89EF}.Release|x86.Build.0 = Release|Any CPU
	EndGlobalSection
	GlobalSection(SolutionProperties) = preSolution
		HideSolutionNode = FALSE
	EndGlobalSection
EndGlobal
